github.com/morkid/gocache v1.0.0 h1:hTnU78Dqp2vs9al5vJC2TmmMF+Hm3nDH1AgRBjSXE+0=
github.com/morkid/gocache v1.0.0/go.mod h1:xK+hmoEMjYffIBvjn7DE8WfSd/rF5Kz/G9f20OliMJY=
gopkg.in/redis.v5 v5.2.9 h1:MNZYOLPomQzZMfpN3ZtD1uyJ2IDonTTlxYiV/pEApiw=
gopkg.in/redis.v5 v5.2.9/go.mod h1:6gtv0/+A4iM08kdRfocWYB3bLX2tebpNtfKlFT6H4mY=
