github.com/morkid/gocache v1.0.0 h1:hTnU78Dqp2vs9al5vJC2TmmMF+Hm3nDH1AgRBjSXE+0=
github.com/morkid/gocache v1.0.0/go.mod h1:xK+hmoEMjYffIBvjn7DE8WfSd/rF5Kz/G9f20OliMJY=
gopkg.in/bsm/ratelimit.v1 v1.0.0-20160220154919-db14e161995a h1:stTHdEoWg1pQ8riaP5ROrjS6zy6wewH/Q2iwnLCQUXY=
gopkg.in/bsm/ratelimit.v1 v1.0.0-20160220154919-db14e161995a/go.mod h1:KF9sEfUPAXdG8Oev9e99iLGnl2uJMjc5B+4y3O7x610=
gopkg.in/redis.v3 v3.6.4 h1:u7XgPH1rWwsdZnR+azldXC6x9qDU2luydOIeU/l52fE=
gopkg.in/redis.v3 v3.6.4/go.mod h1:6XeGv/CrsUFDU9aVbUdNykN7k1zVmoeg83KC9RbQfiU=
